
Microsoft Visual Studio Solution File, Format Version 12.00
# Visual Studio Version 16
VisualStudioVersion = 16.0.29324.140
MinimumVisualStudioVersion = 10.0.40219.1
Project("{FAE04EC0-301F-11D3-BF4B-00C04F79EFBC}") = "Arrayer 2", "Arrayer 2\Arrayer 2.csproj", "{C1B0111B-58EE-4A55-B2FC-8E8CD56D391C}"
EndProject
Global
	GlobalSection(SolutionConfigurationPlatforms) = preSolution
		Debug|Any CPU = Debug|Any CPU
		Release|Any CPU = Release|Any CPU
	EndGlobalSection
	GlobalSection(ProjectConfigurationPlatforms) = postSolution
		{C1B0111B-58EE-4A55-B2FC-8E8CD56D391C}.Debug|Any CPU.ActiveCfg = Debug|Any CPU
		{C1B0111B-58EE-4A55-B2FC-8E8CD56D391C}.Debug|Any CPU.Build.0 = Debug|Any CPU
		{C1B0111B-58EE-4A55-B2FC-8E8CD56D391C}.Release|Any CPU.ActiveCfg = Release|Any CPU
		{C1B0111B-58EE-4A55-B2FC-8E8CD56D391C}.Release|Any CPU.Build.0 = Release|Any CPU
	EndGlobalSection
	GlobalSection(SolutionProperties) = preSolution
		HideSolutionNode = FALSE
	EndGlobalSection
	GlobalSection(ExtensibilityGlobals) = postSolution
		SolutionGuid = {A47138CF-451D-4D07-B458-168A99081573}
	EndGlobalSection
EndGlobal
